
Microsoft Visual Studio Solution File, Format Version 12.00
# Visual Studio Version 17
VisualStudioVersion = 17.4.33103.184
MinimumVisualStudioVersion = 10.0.40219.1
Project("{9A19103F-16F7-4668-BE54-9A1E7A4F7556}") = "APIsProject", "APIsProject\APIsProject.csproj", "{174E99A9-7CEE-4356-81A5-9AA08B0F7B0F}"
EndProject
Project("{9092AA53-FB77-4645-B42D-1CCCA6BD08BD}") = "VuejsApp", "VuejsApp\VuejsApp.njsproj", "{B5A3E785-ACF2-454F-A1E1-2BAF0138808D}"
EndProject
Global
	GlobalSection(SolutionConfigurationPlatforms) = preSolution
		Debug|Any CPU = Debug|Any CPU
		Release|Any CPU = Release|Any CPU
	EndGlobalSection
	GlobalSection(ProjectConfigurationPlatforms) = postSolution
		{174E99A9-7CEE-4356-81A5-9AA08B0F7B0F}.Debug|Any CPU.ActiveCfg = Debug|Any CPU
		{174E99A9-7CEE-4356-81A5-9AA08B0F7B0F}.Debug|Any CPU.Build.0 = Debug|Any CPU
		{174E99A9-7CEE-4356-81A5-9AA08B0F7B0F}.Release|Any CPU.ActiveCfg = Release|Any CPU
		{174E99A9-7CEE-4356-81A5-9AA08B0F7B0F}.Release|Any CPU.Build.0 = Release|Any CPU
		{B5A3E785-ACF2-454F-A1E1-2BAF0138808D}.Debug|Any CPU.ActiveCfg = Debug|Any CPU
		{B5A3E785-ACF2-454F-A1E1-2BAF0138808D}.Debug|Any CPU.Build.0 = Debug|Any CPU
		{B5A3E785-ACF2-454F-A1E1-2BAF0138808D}.Release|Any CPU.ActiveCfg = Release|Any CPU
		{B5A3E785-ACF2-454F-A1E1-2BAF0138808D}.Release|Any CPU.Build.0 = Release|Any CPU
	EndGlobalSection
	GlobalSection(SolutionProperties) = preSolution
		HideSolutionNode = FALSE
	EndGlobalSection
	GlobalSection(ExtensibilityGlobals) = postSolution
		SolutionGuid = {D408E721-72C4-471E-AFA9-5DE0E6C60912}
	EndGlobalSection
EndGlobal
